Microsoft Visual Studio Solution File, Format Version 12.00
# Visual Studio Version 17
VisualStudioVersion = 17.5.2.0
MinimumVisualStudioVersion = 10.0.40219.1
Project("{FAE04EC0-301F-11D3-BF4B-00C04F79EFBC}") = "AuthServer", "AuthServer.csproj", "{CDEA2AD0-7A38-5E39-4D33-42404C1F2BB6}"
EndProject
Global
	GlobalSection(SolutionConfigurationPlatforms) = preSolution
		Debug|Any CPU = Debug|Any CPU
		Release|Any CPU = Release|Any CPU
	EndGlobalSection
	GlobalSection(ProjectConfigurationPlatforms) = postSolution
		{CDEA2AD0-7A38-5E39-4D33-42404C1F2BB6}.Debug|Any CPU.ActiveCfg = Debug|Any CPU
		{CDEA2AD0-7A38-5E39-4D33-42404C1F2BB6}.Debug|Any CPU.Build.0 = Debug|Any CPU
		{CDEA2AD0-7A38-5E39-4D33-42404C1F2BB6}.Release|Any CPU.ActiveCfg = Release|Any CPU
		{CDEA2AD0-7A38-5E39-4D33-42404C1F2BB6}.Release|Any CPU.Build.0 = Release|Any CPU
	EndGlobalSection
	GlobalSection(SolutionProperties) = preSolution
		HideSolutionNode = FALSE
	EndGlobalSection
	GlobalSection(ExtensibilityGlobals) = postSolution
		SolutionGuid = {982A4AE9-19C4-4BA7-A443-AE2A5558E9F2}
	EndGlobalSection
EndGlobal
